// !$*UTF8*$!
{
	archiveVersion = 1;
	classes = {
	};
	objectVersion = 77;
	objects = {

/* Begin PBXBuildFile section */
		34FA767ECFBD7763444CBDCB /* AlarmScheduler.swift in Sources */ = {isa = PBXBuildFile; fileRef = 876ED87E65DDC57F5B7FC5DB /* AlarmScheduler.swift */; };
		65FD66C94A2BFF3CFC4B07EF /* PushAlarmApp.swift in Sources */ = {isa = PBXBuildFile; fileRef = 01121D111D157EF6139E9727 /* PushAlarmApp.swift */; };
		67437C494F4299D762EE5E67 /* AlarmScheduler.swift in Sources */ = {isa = PBXBuildFile; fileRef = 876ED87E65DDC57F5B7FC5DB /* AlarmScheduler.swift */; };
		779D03E7161440156566C6E9 /* NotificationService.appex in Embed Foundation Extensions */ = {isa = PBXBuildFile; fileRef = 07D18D681AC47C4240C9CF90 /* NotificationService.appex */; settings = {ATTRIBUTES = (RemoveHeadersOnCopy, ); }; };
		99176705D6588CDFBDB47EDE /* ContentView.swift in Sources */ = {isa = PBXBuildFile; fileRef = 63161C872FFE8BC3D6903374 /* ContentView.swift */; };
		C436EC1C43A735A56A980084 /* NotificationService.swift in Sources */ = {isa = PBXBuildFile; fileRef = E6F912E3EDFDB0F6E1A36278 /* NotificationService.swift */; };
/* End PBXBuildFile section */

/* Begin PBXContainerItemProxy section */
		736D24FB1A20A22BACBB2528 /* PBXContainerItemProxy */ = {
			isa = PBXContainerItemProxy;
			containerPortal = 4770C452A5BFCE162BD32F1C /* Project object */;
			proxyType = 1;
			remoteGlobalIDString = FC10A0E48A5A9A43E5137A29;
			remoteInfo = NotificationService;
		};
/* End PBXContainerItemProxy section */

/* Begin PBXCopyFilesBuildPhase section */
		A9A3794496B7484A06F73EEA /* Embed Foundation Extensions */ = {
			isa = PBXCopyFilesBuildPhase;
			buildActionMask = 2147483647;
			dstPath = "";
			dstSubfolderSpec = 13;
			files = (
				779D03E7161440156566C6E9 /* NotificationService.appex in Embed Foundation Extensions */,
			);
			name = "Embed Foundation Extensions";
			runOnlyForDeploymentPostprocessing = 0;
		};
/* End PBXCopyFilesBuildPhase section */

/* Begin PBXFileReference section */
		01121D111D157EF6139E9727 /* PushAlarmApp.swift */ = {isa = PBXFileReference; lastKnownFileType = sourcecode.swift; path = PushAlarmApp.swift; sourceTree = "<group>"; };
		07D18D681AC47C4240C9CF90 /* NotificationService.appex */ = {isa = PBXFileReference; includeInIndex = 0; lastKnownFileType = "wrapper.app-extension"; path = NotificationService.appex; sourceTree = BUILT_PRODUCTS_DIR; };
		22333213546BA33EE061D4AC /* PushAlarm.app */ = {isa = PBXFileReference; includeInIndex = 0; lastKnownFileType = wrapper.application; path = PushAlarm.app; sourceTree = BUILT_PRODUCTS_DIR; };
		333847FBFC9288D50ABBECE5 /* PushAlarm.entitlements */ = {isa = PBXFileReference; lastKnownFileType = text.plist.entitlements; path = PushAlarm.entitlements; sourceTree = "<group>"; };
		63161C872FFE8BC3D6903374 /* ContentView.swift */ = {isa = PBXFileReference; lastKnownFileType = sourcecode.swift; path = ContentView.swift; sourceTree = "<group>"; };
		876ED87E65DDC57F5B7FC5DB /* AlarmScheduler.swift */ = {isa = PBXFileReference; lastKnownFileType = sourcecode.swift; path = AlarmScheduler.swift; sourceTree = "<group>"; };
		87F405CC46A58B5F68110CB5 /* Info.plist */ = {isa = PBXFileReference; lastKnownFileType = text.plist; path = Info.plist; sourceTree = "<group>"; };
		8B912B5F8561F6F98354E5B1 /* NotificationService.entitlements */ = {isa = PBXFileReference; lastKnownFileType = text.plist.entitlements; path = NotificationService.entitlements; sourceTree = "<group>"; };
		D45B7B4BD999E4E28A7DC75A /* Info.plist */ = {isa = PBXFileReference; lastKnownFileType = text.plist; path = Info.plist; sourceTree = "<group>"; };
		E6F912E3EDFDB0F6E1A36278 /* NotificationService.swift */ = {isa = PBXFileReference; lastKnownFileType = sourcecode.swift; path = NotificationService.swift; sourceTree = "<group>"; };
/* End PBXFileReference section */

/* Begin PBXGroup section */
		0797093404B855C40C7C1FE5 /* Products */ = {
			isa = PBXGroup;
			children = (
				07D18D681AC47C4240C9CF90 /* NotificationService.appex */,
				22333213546BA33EE061D4AC /* PushAlarm.app */,
			);
			name = Products;
			sourceTree = "<group>";
		};
		4FA54A476F92C63765363EDB /* Shared */ = {
			isa = PBXGroup;
			children = (
				876ED87E65DDC57F5B7FC5DB /* AlarmScheduler.swift */,
			);
			path = Shared;
			sourceTree = "<group>";
		};
		7FF5228E4EC2F704793FFBD3 = {
			isa = PBXGroup;
			children = (
				9F105FB8094AA3BA51CB8D00 /* NotificationService */,
				F30CE48749C0127D60111E0F /* PushAlarm */,
				4FA54A476F92C63765363EDB /* Shared */,
				0797093404B855C40C7C1FE5 /* Products */,
			);
			sourceTree = "<group>";
		};
		9F105FB8094AA3BA51CB8D00 /* NotificationService */ = {
			isa = PBXGroup;
			children = (
				D45B7B4BD999E4E28A7DC75A /* Info.plist */,
				8B912B5F8561F6F98354E5B1 /* NotificationService.entitlements */,
				E6F912E3EDFDB0F6E1A36278 /* NotificationService.swift */,
			);
			path = NotificationService;
			sourceTree = "<group>";
		};
		F30CE48749C0127D60111E0F /* PushAlarm */ = {
			isa = PBXGroup;
			children = (
				63161C872FFE8BC3D6903374 /* ContentView.swift */,
				87F405CC46A58B5F68110CB5 /* Info.plist */,
				333847FBFC9288D50ABBECE5 /* PushAlarm.entitlements */,
				01121D111D157EF6139E9727 /* PushAlarmApp.swift */,
			);
			path = PushAlarm;
			sourceTree = "<group>";
		};
/* End PBXGroup section */

/* Begin PBXNativeTarget section */
		F3FC79D142FBC9C1D5553F8A /* PushAlarm */ = {
			isa = PBXNativeTarget;
			buildConfigurationList = EF51043E29F7295F9AEFE68F /* Build configuration list for PBXNativeTarget "PushAlarm" */;
			buildPhases = (
				4DDE12FE26F59D06B28F6178 /* Sources */,
				A9A3794496B7484A06F73EEA /* Embed Foundation Extensions */,
			);
			buildRules = (
			);
			dependencies = (
				8A112BAB7883B04DFC812522 /* PBXTargetDependency */,
			);
			name = PushAlarm;
			packageProductDependencies = (
			);
			productName = PushAlarm;
			productReference = 22333213546BA33EE061D4AC /* PushAlarm.app */;
			productType = "com.apple.product-type.application";
		};
		FC10A0E48A5A9A43E5137A29 /* NotificationService */ = {
			isa = PBXNativeTarget;
			buildConfigurationList = 0075EDAF1FB2ED80980CD056 /* Build configuration list for PBXNativeTarget "NotificationService" */;
			buildPhases = (
				BCE8F3ED7B2E4338260F2650 /* Sources */,
			);
			buildRules = (
			);
			dependencies = (
			);
			name = NotificationService;
			packageProductDependencies = (
			);
			productName = NotificationService;
			productReference = 07D18D681AC47C4240C9CF90 /* NotificationService.appex */;
			productType = "com.apple.product-type.app-extension";
		};
/* End PBXNativeTarget section */

/* Begin PBXProject section */
		4770C452A5BFCE162BD32F1C /* Project object */ = {
			isa = PBXProject;
			attributes = {
				BuildIndependentTargetsInParallel = YES;
				LastUpgradeCheck = 1430;
				TargetAttributes = {
					F3FC79D142FBC9C1D5553F8A = {
						DevelopmentTeam = "";
						ProvisioningStyle = Automatic;
					};
					FC10A0E48A5A9A43E5137A29 = {
						DevelopmentTeam = "";
						ProvisioningStyle = Automatic;
					};
				};
			};
			buildConfigurationList = 7252DEC1EADB471B43458263 /* Build configuration list for PBXProject "PushAlarm" */;
			developmentRegion = en;
			hasScannedForEncodings = 0;
			knownRegions = (
				Base,
				en,
			);
			mainGroup = 7FF5228E4EC2F704793FFBD3;
			minimizedProjectReferenceProxies = 1;
			preferredProjectObjectVersion = 77;
			productRefGroup = 0797093404B855C40C7C1FE5 /* Products */;
			projectDirPath = "";
			projectRoot = "";
			targets = (
				F3FC79D142FBC9C1D5553F8A /* PushAlarm */,
				FC10A0E48A5A9A43E5137A29 /* NotificationService */,
			);
		};
/* End PBXProject section */

/* Begin PBXSourcesBuildPhase section */
		4DDE12FE26F59D06B28F6178 /* Sources */ = {
			isa = PBXSourcesBuildPhase;
			buildActionMask = 2147483647;
			files = (
				67437C494F4299D762EE5E67 /* AlarmScheduler.swift in Sources */,
				99176705D6588CDFBDB47EDE /* ContentView.swift in Sources */,
				65FD66C94A2BFF3CFC4B07EF /* PushAlarmApp.swift in Sources */,
			);
			runOnlyForDeploymentPostprocessing = 0;
		};
		BCE8F3ED7B2E4338260F2650 /* Sources */ = {
			isa = PBXSourcesBuildPhase;
			buildActionMask = 2147483647;
			files = (
				34FA767ECFBD7763444CBDCB /* AlarmScheduler.swift in Sources */,
				C436EC1C43A735A56A980084 /* NotificationService.swift in Sources */,
			);
			runOnlyForDeploymentPostprocessing = 0;
		};
/* End PBXSourcesBuildPhase section */

/* Begin PBXTargetDependency section */
		8A112BAB7883B04DFC812522 /* PBXTargetDependency */ = {
			isa = PBXTargetDependency;
			target = FC10A0E48A5A9A43E5137A29 /* NotificationService */;
			targetProxy = 736D24FB1A20A22BACBB2528 /* PBXContainerItemProxy */;
		};
/* End PBXTargetDependency section */

/* Begin XCBuildConfiguration section */
		082E1AA0F48B6539E7714C6E /* Debug */ = {
			isa = XCBuildConfiguration;
			buildSettings = {
				ALWAYS_SEARCH_USER_PATHS = NO;
				CLANG_ANALYZER_NONNULL = YES;
				CLANG_ANALYZER_NUMBER_OBJECT_CONVERSION = YES_AGGRESSIVE;
				CLANG_CXX_LANGUAGE_STANDARD = "gnu++14";
				CLANG_CXX_LIBRARY = "libc++";
				CLANG_ENABLE_MODULES = YES;
				CLANG_ENABLE_OBJC_ARC = YES;
				CLANG_ENABLE_OBJC_WEAK = YES;
				CLANG_WARN_BLOCK_CAPTURE_AUTORELEASING = YES;
				CLANG_WARN_BOOL_CONVERSION = YES;
				CLANG_WARN_COMMA = YES;
				CLANG_WARN_CONSTANT_CONVERSION = YES;
				CLANG_WARN_DEPRECATED_OBJC_IMPLEMENTATIONS = YES;
				CLANG_WARN_DIRECT_OBJC_ISA_USAGE = YES_ERROR;
				CLANG_WARN_DOCUMENTATION_COMMENTS = YES;
				CLANG_WARN_EMPTY_BODY = YES;
				CLANG_WARN_ENUM_CONVERSION = YES;
				CLANG_WARN_INFINITE_RECURSION = YES;
				CLANG_WARN_INT_CONVERSION = YES;
				CLANG_WARN_NON_LITERAL_NULL_CONVERSION = YES;
				CLANG_WARN_OBJC_IMPLICIT_RETAIN_SELF = YES;
				CLANG_WARN_OBJC_LITERAL_CONVERSION = YES;
				CLANG_WARN_OBJC_ROOT_CLASS = YES_ERROR;
				CLANG_WARN_QUOTED_INCLUDE_IN_FRAMEWORK_HEADER = YES;
				CLANG_WARN_RANGE_LOOP_ANALYSIS = YES;
				CLANG_WARN_STRICT_PROTOTYPES = YES;
				CLANG_WARN_SUSPICIOUS_MOVE = YES;
				CLANG_WARN_UNGUARDED_AVAILABILITY = YES_AGGRESSIVE;
				CLANG_WARN_UNREACHABLE_CODE = YES;
				CLANG_WARN__DUPLICATE_METHOD_MATCH = YES;
				CODE_SIGN_STYLE = Automatic;
				COPY_PHASE_STRIP = NO;
				CURRENT_PROJECT_VERSION = 1;
				DEBUG_INFORMATION_FORMAT = dwarf;
				DEVELOPMENT_TEAM = "";
				ENABLE_STRICT_OBJC_MSGSEND = YES;
				ENABLE_TESTABILITY = YES;
				GCC_C_LANGUAGE_STANDARD = gnu11;
				GCC_DYNAMIC_NO_PIC = NO;
				GCC_NO_COMMON_BLOCKS = YES;
				GCC_OPTIMIZATION_LEVEL = 0;
				GCC_PREPROCESSOR_DEFINITIONS = (
					"$(inherited)",
					"DEBUG=1",
				);
				GCC_WARN_64_TO_32_BIT_CONVERSION = YES;
				GCC_WARN_ABOUT_RETURN_TYPE = YES_ERROR;
				GCC_WARN_UNDECLARED_SELECTOR = YES;
				GCC_WARN_UNINITIALIZED_AUTOS = YES_AGGRESSIVE;
				GCC_WARN_UNUSED_FUNCTION = YES;
				GCC_WARN_UNUSED_VARIABLE = YES;
				IPHONEOS_DEPLOYMENT_TARGET = 26.0;
				MARKETING_VERSION = 1.0;
				MTL_ENABLE_DEBUG_INFO = INCLUDE_SOURCE;
				MTL_FAST_MATH = YES;
				ONLY_ACTIVE_ARCH = YES;
				PRODUCT_NAME = "$(TARGET_NAME)";
				SDKROOT = iphoneos;
				SWIFT_ACTIVE_COMPILATION_CONDITIONS = DEBUG;
				SWIFT_OPTIMIZATION_LEVEL = "-Onone";
				SWIFT_VERSION = 5.0;
			};
			name = Debug;
		};
		273FCB3F6BF83D00A32046C7 /* Debug */ = {
			isa = XCBuildConfiguration;
			buildSettings = {
				ASSETCATALOG_COMPILER_APPICON_NAME = AppIcon;
				CODE_SIGN_ENTITLEMENTS = PushAlarm/PushAlarm.entitlements;
				CODE_SIGN_IDENTITY = "iPhone Developer";
				GENERATE_INFOPLIST_FILE = YES;
				INFOPLIST_FILE = PushAlarm/Info.plist;
				INFOPLIST_KEY_CFBundleDisplayName = PushAlarm;
				INFOPLIST_KEY_UILaunchScreen_Generation = YES;
				LD_RUNPATH_SEARCH_PATHS = (
					"$(inherited)",
					"@executable_path/Frameworks",
				);
				PRODUCT_BUNDLE_IDENTIFIER = com.example.pushalarm;
				SDKROOT = iphoneos;
				TARGETED_DEVICE_FAMILY = "1,2";
			};
			name = Debug;
		};
		5A7A6913DEBEA37B9A562DBC /* Release */ = {
			isa = XCBuildConfiguration;
			buildSettings = {
				ALWAYS_SEARCH_USER_PATHS = NO;
				CLANG_ANALYZER_NONNULL = YES;
				CLANG_ANALYZER_NUMBER_OBJECT_CONVERSION = YES_AGGRESSIVE;
				CLANG_CXX_LANGUAGE_STANDARD = "gnu++14";
				CLANG_CXX_LIBRARY = "libc++";
				CLANG_ENABLE_MODULES = YES;
				CLANG_ENABLE_OBJC_ARC = YES;
				CLANG_ENABLE_OBJC_WEAK = YES;
				CLANG_WARN_BLOCK_CAPTURE_AUTORELEASING = YES;
				CLANG_WARN_BOOL_CONVERSION = YES;
				CLANG_WARN_COMMA = YES;
				CLANG_WARN_CONSTANT_CONVERSION = YES;
				CLANG_WARN_DEPRECATED_OBJC_IMPLEMENTATIONS = YES;
				CLANG_WARN_DIRECT_OBJC_ISA_USAGE = YES_ERROR;
				CLANG_WARN_DOCUMENTATION_COMMENTS = YES;
				CLANG_WARN_EMPTY_BODY = YES;
				CLANG_WARN_ENUM_CONVERSION = YES;
				CLANG_WARN_INFINITE_RECURSION = YES;
				CLANG_WARN_INT_CONVERSION = YES;
				CLANG_WARN_NON_LITERAL_NULL_CONVERSION = YES;
				CLANG_WARN_OBJC_IMPLICIT_RETAIN_SELF = YES;
				CLANG_WARN_OBJC_LITERAL_CONVERSION = YES;
				CLANG_WARN_OBJC_ROOT_CLASS = YES_ERROR;
				CLANG_WARN_QUOTED_INCLUDE_IN_FRAMEWORK_HEADER = YES;
				CLANG_WARN_RANGE_LOOP_ANALYSIS = YES;
				CLANG_WARN_STRICT_PROTOTYPES = YES;
				CLANG_WARN_SUSPICIOUS_MOVE = YES;
				CLANG_WARN_UNGUARDED_AVAILABILITY = YES_AGGRESSIVE;
				CLANG_WARN_UNREACHABLE_CODE = YES;
				CLANG_WARN__DUPLICATE_METHOD_MATCH = YES;
				CODE_SIGN_STYLE = Automatic;
				COPY_PHASE_STRIP = NO;
				CURRENT_PROJECT_VERSION = 1;
				DEBUG_INFORMATION_FORMAT = "dwarf-with-dsym";
				DEVELOPMENT_TEAM = "";
				ENABLE_NS_ASSERTIONS = NO;
				ENABLE_STRICT_OBJC_MSGSEND = YES;
				GCC_C_LANGUAGE_STANDARD = gnu11;
				GCC_NO_COMMON_BLOCKS = YES;
				GCC_WARN_64_TO_32_BIT_CONVERSION = YES;
				GCC_WARN_ABOUT_RETURN_TYPE = YES_ERROR;
				GCC_WARN_UNDECLARED_SELECTOR = YES;
				GCC_WARN_UNINITIALIZED_AUTOS = YES_AGGRESSIVE;
				GCC_WARN_UNUSED_FUNCTION = YES;
				GCC_WARN_UNUSED_VARIABLE = YES;
				IPHONEOS_DEPLOYMENT_TARGET = 26.0;
				MARKETING_VERSION = 1.0;
				MTL_ENABLE_DEBUG_INFO = NO;
				MTL_FAST_MATH = YES;
				PRODUCT_NAME = "$(TARGET_NAME)";
				SDKROOT = iphoneos;
				SWIFT_COMPILATION_MODE = wholemodule;
				SWIFT_OPTIMIZATION_LEVEL = "-O";
				SWIFT_VERSION = 5.0;
			};
			name = Release;
		};
		69E2F8CFFBA7588E08AB5536 /* Release */ = {
			isa = XCBuildConfiguration;
			buildSettings = {
				ASSETCATALOG_COMPILER_APPICON_NAME = AppIcon;
				CODE_SIGN_ENTITLEMENTS = PushAlarm/PushAlarm.entitlements;
				CODE_SIGN_IDENTITY = "iPhone Developer";
				GENERATE_INFOPLIST_FILE = YES;
				INFOPLIST_FILE = PushAlarm/Info.plist;
				INFOPLIST_KEY_CFBundleDisplayName = PushAlarm;
				INFOPLIST_KEY_UILaunchScreen_Generation = YES;
				LD_RUNPATH_SEARCH_PATHS = (
					"$(inherited)",
					"@executable_path/Frameworks",
				);
				PRODUCT_BUNDLE_IDENTIFIER = com.example.pushalarm;
				SDKROOT = iphoneos;
				TARGETED_DEVICE_FAMILY = "1,2";
			};
			name = Release;
		};
		B67B29663031150B4E436DDF /* Debug */ = {
			isa = XCBuildConfiguration;
			buildSettings = {
				CODE_SIGN_ENTITLEMENTS = NotificationService/NotificationService.entitlements;
				GENERATE_INFOPLIST_FILE = YES;
				INFOPLIST_FILE = NotificationService/Info.plist;
				LD_RUNPATH_SEARCH_PATHS = (
					"$(inherited)",
					"@executable_path/Frameworks",
					"@executable_path/../../Frameworks",
				);
				PRODUCT_BUNDLE_IDENTIFIER = com.example.pushalarm.NotificationService;
				SDKROOT = iphoneos;
				TARGETED_DEVICE_FAMILY = "1,2";
			};
			name = Debug;
		};
		D936B63FB461CB883CC2A90A /* Release */ = {
			isa = XCBuildConfiguration;
			buildSettings = {
				CODE_SIGN_ENTITLEMENTS = NotificationService/NotificationService.entitlements;
				GENERATE_INFOPLIST_FILE = YES;
				INFOPLIST_FILE = NotificationService/Info.plist;
				LD_RUNPATH_SEARCH_PATHS = (
					"$(inherited)",
					"@executable_path/Frameworks",
					"@executable_path/../../Frameworks",
				);
				PRODUCT_BUNDLE_IDENTIFIER = com.example.pushalarm.NotificationService;
				SDKROOT = iphoneos;
				TARGETED_DEVICE_FAMILY = "1,2";
			};
			name = Release;
		};
/* End XCBuildConfiguration section */

/* Begin XCConfigurationList section */
		0075EDAF1FB2ED80980CD056 /* Build configuration list for PBXNativeTarget "NotificationService" */ = {
			isa = XCConfigurationList;
			buildConfigurations = (
				B67B29663031150B4E436DDF /* Debug */,
				D936B63FB461CB883CC2A90A /* Release */,
			);
			defaultConfigurationIsVisible = 0;
			defaultConfigurationName = Debug;
		};
		7252DEC1EADB471B43458263 /* Build configuration list for PBXProject "PushAlarm" */ = {
			isa = XCConfigurationList;
			buildConfigurations = (
				082E1AA0F48B6539E7714C6E /* Debug */,
				5A7A6913DEBEA37B9A562DBC /* Release */,
			);
			defaultConfigurationIsVisible = 0;
			defaultConfigurationName = Debug;
		};
		EF51043E29F7295F9AEFE68F /* Build configuration list for PBXNativeTarget "PushAlarm" */ = {
			isa = XCConfigurationList;
			buildConfigurations = (
				273FCB3F6BF83D00A32046C7 /* Debug */,
				69E2F8CFFBA7588E08AB5536 /* Release */,
			);
			defaultConfigurationIsVisible = 0;
			defaultConfigurationName = Debug;
		};
/* End XCConfigurationList section */
	};
	rootObject = 4770C452A5BFCE162BD32F1C /* Project object */;
}
